
Microsoft Visual Studio Solution File, Format Version 12.00
# Visual Studio 15
VisualStudioVersion = 15.0.28307.1022
MinimumVisualStudioVersion = 10.0.40219.1
Project("{FAE04EC0-301F-11D3-BF4B-00C04F79EFBC}") = "MemesAPI", "MemesAPI\MemesAPI.csproj", "{DB798F99-1745-42BC-91E3-94E31BFDF63F}"
EndProject
Global
	GlobalSection(SolutionConfigurationPlatforms) = preSolution
		Debug|Any CPU = Debug|Any CPU
		Release|Any CPU = Release|Any CPU
	EndGlobalSection
	GlobalSection(ProjectConfigurationPlatforms) = postSolution
		{DB798F99-1745-42BC-91E3-94E31BFDF63F}.Debug|Any CPU.ActiveCfg = Debug|Any CPU
		{DB798F99-1745-42BC-91E3-94E31BFDF63F}.Debug|Any CPU.Build.0 = Debug|Any CPU
		{DB798F99-1745-42BC-91E3-94E31BFDF63F}.Release|Any CPU.ActiveCfg = Release|Any CPU
		{DB798F99-1745-42BC-91E3-94E31BFDF63F}.Release|Any CPU.Build.0 = Release|Any CPU
	EndGlobalSection
	GlobalSection(SolutionProperties) = preSolution
		HideSolutionNode = FALSE
	EndGlobalSection
	GlobalSection(ExtensibilityGlobals) = postSolution
		SolutionGuid = {DBEBAEDA-B623-4F14-9F02-0C012E49E8C9}
	EndGlobalSection
EndGlobal
